<?xml version="1.0" encoding="UTF-8" standalone="yes" ?>
<CodeBlocks_project_file>
	<FileVersion major="1" minor="6" />
	<Project>
		<Option title="AC521x" />
		<Option pch_mode="2" />
		<Option compiler="pi32v2_lto_compiler" />
		<Build>
			<Target title="Debug">
				<Option output="cpu/AC521x/tools/main.or32" prefix_auto="0" extension_auto="0" />
				<Option object_output="obj/Debug/" />
				<Option type="1" />
				<Option compiler="pi32v2_lto_compiler" />
				<Option projectIncludeDirsRelation="2" />
				<Compiler>
					<Add option="-flto" />
					<Add option="-target pi32v2 -Oz -mllvm -pi32v2-merge-max-offset=4096" />
					<Add option="-mllvm -pi32v2-large-program" />
					<Add option="-Wuninitialized" />
					<Add option="-Wno-invalid-noreturn" />
					<Add option="-DUSE_RTOS" />
					<Add option="-D_POSIX_SOURCE" />
					<Add option="-DCONFIG_USE_RTOS" />
					<Add option="-DCONFIG_CHRDEV" />
					<Add option="-DCONFIG_DEBUG" />
					<Add option="-DCONFIG_VFS" />
					<Add option="-DCONFIG_FREE_RTOS_ENABLE" />
					<Add option="-DFS_VERSION=0x020001" />
					<Add option="-DFATFS_VERSION=0x020101" />
					<Add option="-DSDFILE_VERSION=0x020000" />
					<Add option="-DDEVFS_VERSION=0x020000" />
					<Add option="-DRAMFS_VERSION=0x010000" />
					<Add option="-DAUDIO_SERVER_VERSION=0x020000" />
					<Add option="-DSERVER_CORE_VERSION=0x020000" />
					<Add option="-DUI_SERVER_VERSION=0x020002" />
					<Add option="-DUSB_SERVER_VERSION=0x030200" />
					<Add option="-DVIDEO_DEC_SERVER_VERSION=0x020001" />
					<Add option="-DVIDEO_REC_SERVER_VERSION=0x020102" />
					<Add option="-DVIDEO_UNPKG_SERVER_VERSION=0x020000" />
					<Add option="-DVIDEO_ENGINE_SERVER_VERSION=0x020001" />
					<Add option="-DVIDEO_PKG_SERVER_VERSION=0x020000" />
					<Add option="-DCPU_VERSION=0x030200" />
					<Add option="-DDEV_ISP_VERSION=0x030000" />
					<Add option="-DDEV_AUDIO_VERSION=0x020000" />
					<Add option="-DDEV_VIDEO_ENGINE_VERSION=0x020000" />
					<Add option="-DDEV_SD0_VERSION=0x020000" />
					<Add option="-DDEV_SD1_VERSION=0x020000" />
					<Add option="-DDEV_SD2_VERSION=0x020000" />
					<Add option="-DDEV_USB_VERSION=0x040000" />
					<Add option="-DDEV_VIDEO_VERSION=0x020100" />
					<Add option="-DMALLOC_VERSION=0x020000" />
					<Add option="-DRTOS_VERSION=0x020000" />
					<Add option="-DSYS_VERSION=0x020001" />
					<Add option="-DUPGRADE_VERSION=0x030100" />
					<Add option="-DMP3_DEC_VERSION=0x010000" />
					<Add option="-DMP3_ENC_VERSION=0x010000" />
					<Add option="-DWMA_DEC_VERSION=0x010000" />
					<Add option="-DWMA_ENC_VERSION=0x010000" />
					<Add option="-DM4A_DEC_VERSION=0x010000" />
					<Add option="-DM4A_ENC_VERSION=0x010000" />
					<Add option="-DWAV_DEC_VERSION=0x010000" />
					<Add option="-DWAV_ENC_VERSION=0x010000" />
					<Add option="-DAAC_DEC_VERSION=0x010000" />
					<Add option="-DAAC_ENC_VERSION=0x010000" />
					<Add option="-DDUER_SDK_VERSION=0x030000" />
					<Add option="-DSPEEX_ENC_VERSION=0x010000" />
					<Add option="-DAMR_DEC_VERSION=0x010000" />
					<Add option="-DAMR_ENC_VERSION=0x010000" />
					<Add option="-DLED_UI_SERVER_VERSION=0x010000" />
					<Add option="-DUPGRADE_SERVER_VERSION=0x010000" />
					<Add option="-DWECHAT_SDK_VERSION=0x030000" />
					<Add option="-DWECHAT_SERVER_VERSION=0x30000" />
					<Add option="-DTURING_WECHAT_SDK_VERSION=0x030000" />
					<Add option="-DTURING_WECHAT_SERVER_VERSION=0x30000" />
					<Add option="-DTURING_SDK_VERSION=0x30000" />
					<Add directory="app" />
					<Add directory="app/wifi_story_machine/include" />
					<Add directory="app/net/include" />
					<Add directory="include_lib" />
					<Add directory="include_lib/ui" />
					<Add directory="include_lib/system" />
					<Add directory="include_lib/system/generic" />
					<Add directory="include_lib/system/device" />
					<Add directory="include_lib/system/fs" />
					<Add directory="include_lib/system/cpu/AC521x" />
					<Add directory="include_lib/net" />
					<Add directory="include_lib/net/server" />
					<Add directory="include_lib/net/wifi_module" />
					<Add directory="include_lib/net/device" />
					<Add directory="include_lib/net/device/eth" />
					<Add directory="include_lib/net/hostapdandwpa_supplicant" />
					<Add directory="include_lib/net/lwip/src/include" />
					<Add directory="include_lib/net/lwip/port" />
					<Add directory="include_lib/net/lwip/app" />
					<Add directory="include_lib/net/lwip/app/ctp" />
					<Add directory="include_lib/net/lwip/app/cdp" />
					<Add directory="/opt/pi32v2/include" />
				</Compiler>
				<Linker>
					<Add option="-flto" />
					<Add option="--start-group" />
					<Add option="include_lib/liba/AC521x/rtos.a" />
					<Add option="include_lib/liba/AC521x/sd1.a" />
					<Add option="include_lib/liba/AC521x/ascii.a" />
					<Add option="include_lib/liba/AC521x/res.a" />
					<Add option="include_lib/liba/AC521x/fs.a" />
					<Add option="include_lib/liba/AC521x/upgrade.a" />
					<Add option="include_lib/liba/AC521x/rs_ecc.a" />
					<Add option="include_lib/liba/AC521x/server.a" />
					<Add option="include_lib/liba/AC521x/led_ui_server.a" />
					<Add option="include_lib/liba/AC521x/vm.a" />
					<Add option="include_lib/liba/AC521x/audio_server.a" />
					<Add option="include_lib/liba/AC521x/mp3_dec_lib.a" />
					<Add option="include_lib/liba/AC521x/m4a_dec_lib.a" />
					<Add option="include_lib/liba/AC521x/wav_dec_lib.a" />
					<Add option="include_lib/liba/AC521x/wma_dec_lib.a" />
					<Add option="include_lib/liba/AC521x/amr_dec_lib.a" />
					<Add option="include_lib/liba/AC521x/amr_enc_lib.a" />
					<Add option="include_lib/liba/AC521x/speex_enc_lib.a" />
					<Add option="include_lib/liba/AC521x/cpu_vm_icache.a" />
					<Add option="--whole-archive" />
					<Add option="include_lib/liba/AC521x/cpu.a" />
					<Add option="include_lib/liba/AC521x/dev.a" />
					<Add option="include_lib/liba/AC521x/audio_dev.a" />
					<Add option="include_lib/liba/AC521x/sys.a" />
					<Add option="include_lib/liba/AC521x/mm.a" />
					<Add option="include_lib/liba/AC521x/wifi_dev.a" />
					<Add option="--no-whole-archive" />
					<Add option="include_lib/liba/AC521x/printf.a" />
					<Add option="include_lib/liba/AC521x/lbuf.a" />
					<Add option="include_lib/liba/AC521x/cbuf.a" />
					<Add option="include_lib/liba/AC521x/mbedtls.a" />
					<Add option="include_lib/liba/AC521x/iperf.a" />
					<Add option="include_lib/liba/AC521x/lwip.a" />
					<Add option="include_lib/liba/AC521x/common_lib.a" />
					<Add option="include_lib/liba/AC521x/sdio_card.a" />
					<Add option="include_lib/liba/AC521x/hostapd_and_wpasupplicant.a" />
					<Add option="include_lib/liba/AC521x/rtl8189e.a" />
					<Add option="include_lib/liba/AC521x/hsm.a" />
					<Add option="include_lib/liba/AC521x/http_cli.a" />
					<Add option="include_lib/liba/AC521x/http_server.a" />
					<Add option="include_lib/liba/AC521x/json.a" />
					<Add option="include_lib/liba/AC521x/lib_mqtt.a" />
					<Add option="include_lib/liba/AC521x/libduer-device.a" />
					<Add option="include_lib/liba/AC521x/network_download.a" />
					<Add option="include_lib/liba/AC521x/jieli_net.a" />
					<Add option="include_lib/liba/AC521x/libturing.a" />
					<Add option="include_lib/liba/AC521x/libmpeg.a" />
					<Add option="include_lib/liba/AC521x/libMultSine_Control.a" />
					<Add option="include_lib/liba/AC521x/ai_server.a" />
					<Add option="include_lib/liba/AC521x/profile.a" />
					<Add option="include_lib/liba/AC521x/zliblite.a" />
					<Add option="include_lib/liba/AC521x/libc.a" />
					<Add option="include_lib/liba/AC521x/libm.a" />
					<Add option="--end-group" />
					<Add option="-Map=map.txt" />
					<Add option="--plugin-opt=-inline-threshold=5" />
					<Add option="--plugin-opt=-enable-ipra=true" />
					<Add option="--plugin-opt=-pi32v2-always-use-itblock" />
					<Add option="--plugin-opt=-pi32v2-merge-max-offset=4096" />
					<Add option="--plugin-opt=-global-merge-on-const" />
					<Add option="--plugin-opt=-pi32v2-large-program" />
					<Add option="--plugin-opt=-mattr=+simd" />
					<Add option="--plugin-opt=save-temps" />
					<Add option="-T./cpu/AC521x/ram.ld" />
				</Linker>
				<ExtraCommands>
					<Add before="$compiler $includes -E -D__LD__ -P cpu/AC521x/ram.c -o cpu/AC521x/ram.ld" />
					<Add after="下载代码.bat" />
					<Mode after="always" />
				</ExtraCommands>
			</Target>
			<Target title="Release">
				<Option output="bin/Release/dv10_example" prefix_auto="1" extension_auto="1" />
				<Option object_output="obj/Release/" />
				<Option type="1" />
				<Option compiler="pi32v2_lto_compiler" />
				<Compiler>
					<Add option="-fomit-frame-pointer" />
					<Add option="-Os" />
					<Add option="-g" />
					<Add option="-Wall" />
					<Add option="-target pi32-unkown-unkown-unkown" />
					<Add option="-integrated-as" />
					<Add option="-mllvm -inline-threshold=1" />
					<Add option="-mllvm -pi32-memreg-opt" />
					<Add directory="C:/JL/pi32/include" />
					<Add directory="C:/JL/pi32/libc/include" />
				</Compiler>
			</Target>
		</Build>
		<Compiler>
			<Add directory="./" />
		</Compiler>
		<Unit filename="app/debug.c">
			<Option compilerVar="CC" />
		</Unit>
		<Unit filename="app/flash_write_protect.c">
			<Option compilerVar="CC" />
		</Unit>
		<Unit filename="app/net/wifi-tools/RTL_PHY_REG_PG.c">
			<Option compilerVar="CC" />
		</Unit>
		<Unit filename="app/net/wifi-tools/ap_config.c">
			<Option compilerVar="CC" />
		</Unit>
		<Unit filename="app/net/wifi-tools/iperf_test.c">
			<Option compilerVar="CC" />
		</Unit>
		<Unit filename="app/net/wifi-tools/rtw_cache.c">
			<Option compilerVar="CC" />
		</Unit>
		<Unit filename="app/net/wifi-tools/uaputl_conf.c">
			<Option compilerVar="CC" />
		</Unit>
		<Unit filename="app/net/wifi-tools/voiceprint_cfg.c">
			<Option compilerVar="CC" />
		</Unit>
		<Unit filename="app/sd_speed_test.c">
			<Option compilerVar="CC" />
		</Unit>
		<Unit filename="app/wifi_story_machine/app_database.c">
			<Option compilerVar="CC" />
		</Unit>
		<Unit filename="app/wifi_story_machine/app_main.c">
			<Option compilerVar="CC" />
		</Unit>
		<Unit filename="app/wifi_story_machine/app_music.c">
			<Option compilerVar="CC" />
		</Unit>
		<Unit filename="app/wifi_story_machine/device_mount.c">
			<Option compilerVar="CC" />
		</Unit>
		<Unit filename="app/wifi_story_machine/include/action.h" />
		<Unit filename="app/wifi_story_machine/include/ani_style.h" />
		<Unit filename="app/wifi_story_machine/include/app_config.h" />
		<Unit filename="app/wifi_story_machine/include/app_database.h" />
		<Unit filename="app/wifi_story_machine/include/app_music.h" />
		<Unit filename="app/wifi_story_machine/include/board.h" />
		<Unit filename="app/wifi_story_machine/include/cpu_config.h" />
		<Unit filename="app/wifi_story_machine/include/key_voice.h" />
		<Unit filename="app/wifi_story_machine/include/led_eyes.h" />
		<Unit filename="app/wifi_story_machine/include/main.h" />
		<Unit filename="app/wifi_story_machine/include/net_config.h" />
		<Unit filename="app/wifi_story_machine/include/res.h" />
		<Unit filename="app/wifi_story_machine/include/res_ver.h" />
		<Unit filename="app/wifi_story_machine/include/storage_device.h" />
		<Unit filename="app/wifi_story_machine/include/style.h" />
		<Unit filename="app/wifi_story_machine/include/upgrade_style.h" />
		<Unit filename="app/wifi_story_machine/include/video_music.h" />
		<Unit filename="app/wifi_story_machine/led_ui/led_ui_gr202.c">
			<Option compilerVar="CC" />
		</Unit>
		<Unit filename="app/wifi_story_machine/mqtt_cmd.c">
			<Option compilerVar="CC" />
		</Unit>
		<Unit filename="app/wifi_story_machine/turing_cmd.c">
			<Option compilerVar="CC" />
		</Unit>
		<Unit filename="app/wifi_story_machine/turing_mqtt_cmd.c">
			<Option compilerVar="CC" />
		</Unit>
		<Unit filename="app/wifi_story_machine/upgrade.c">
			<Option compilerVar="CC" />
		</Unit>
		<Unit filename="app/wifi_story_machine/version.c">
			<Option compilerVar="CC" />
		</Unit>
		<Unit filename="app/wifi_story_machine/wifi_app_task.c">
			<Option compilerVar="CC" />
		</Unit>
		<Unit filename="cpu/AC521x/adc.c">
			<Option compilerVar="CC" />
		</Unit>
		<Unit filename="cpu/AC521x/adkey.c">
			<Option compilerVar="CC" />
		</Unit>
		<Unit filename="cpu/AC521x/board/board_5213B_wifi_story.c">
			<Option compilerVar="CC" />
		</Unit>
		<Unit filename="cpu/AC521x/board/board_GR202_2M.c">
			<Option compilerVar="CC" />
		</Unit>
		<Unit filename="cpu/AC521x/debug.c">
			<Option compilerVar="CC" />
		</Unit>
		<Unit filename="cpu/AC521x/iokey.c">
			<Option compilerVar="CC" />
		</Unit>
		<Unit filename="cpu/AC521x/ldo.c">
			<Option compilerVar="CC" />
		</Unit>
		<Unit filename="cpu/AC521x/power_inf.c">
			<Option compilerVar="CC" />
		</Unit>
		<Unit filename="cpu/AC521x/ram.c">
			<Option compilerVar="CC" />
			<Option compile="0" />
			<Option link="0" />
		</Unit>
		<Unit filename="cpu/AC521x/ram.ld" />
		<Unit filename="cpu/AC521x/setup.c">
			<Option compilerVar="CC" />
		</Unit>
		<Unit filename="cpu/AC521x/tools/download.bat" />
		<Unit filename="include_lib/common/common.h" />
		<Unit filename="include_lib/configs/config-ccm-psk-tls1_2.h" />
		<Unit filename="include_lib/configs/config-default.h" />
		<Unit filename="include_lib/configs/config-mini-tls1_1.h" />
		<Unit filename="include_lib/configs/config-picocoin.h" />
		<Unit filename="include_lib/configs/config-suite-b.h" />
		<Unit filename="include_lib/net/HSM/hsm.h" />
		<Unit filename="include_lib/net/device/eth/DP83848.h" />
		<Unit filename="include_lib/net/device/eth/RTL8201.h" />
		<Unit filename="include_lib/net/device/eth/eth_phy.h" />
		<Unit filename="include_lib/net/device/eth/ethmac.h" />
		<Unit filename="include_lib/net/device/eth/mdio_bus.h" />
		<Unit filename="include_lib/net/device/wifi_dev.h" />
		<Unit filename="include_lib/net/ftpclient/ftpclient.h" />
		<Unit filename="include_lib/net/ftpserver/stupid-ftpd.h" />
		<Unit filename="include_lib/net/hostapdandwpa_supplicant/wpa_supplicant_event.h" />
		<Unit filename="include_lib/net/http/http_cli.h" />
		<Unit filename="include_lib/net/http/http_server.h" />
		<Unit filename="include_lib/net/jieli_net/dev_net_mqtt.h" />
		<Unit filename="include_lib/net/jieli_net/dev_net_oauth.h" />
		<Unit filename="include_lib/net/jieli_net/jieli_net.h" />
		<Unit filename="include_lib/net/jieli_net/jieli_ota.h" />
		<Unit filename="include_lib/net/jieli_net/jieli_result.h" />
		<Unit filename="include_lib/net/jieli_net/wechat_server.h" />
		<Unit filename="include_lib/net/json_c/arraylist.h" />
		<Unit filename="include_lib/net/json_c/bits.h" />
		<Unit filename="include_lib/net/json_c/config_j.h" />
		<Unit filename="include_lib/net/json_c/debug.h" />
		<Unit filename="include_lib/net/json_c/json.h" />
		<Unit filename="include_lib/net/json_c/json_c_config.h" />
		<Unit filename="include_lib/net/json_c/json_c_version.h" />
		<Unit filename="include_lib/net/json_c/json_config.h" />
		<Unit filename="include_lib/net/json_c/json_debug.h" />
		<Unit filename="include_lib/net/json_c/json_inttypes.h" />
		<Unit filename="include_lib/net/json_c/json_object.h" />
		<Unit filename="include_lib/net/json_c/json_object_iterator.h" />
		<Unit filename="include_lib/net/json_c/json_object_private.h" />
		<Unit filename="include_lib/net/json_c/json_tokener.h" />
		<Unit filename="include_lib/net/json_c/json_util.h" />
		<Unit filename="include_lib/net/json_c/linkhash.h" />
		<Unit filename="include_lib/net/json_c/math_compat.h" />
		<Unit filename="include_lib/net/json_c/printbuf.h" />
		<Unit filename="include_lib/net/json_c/random_seed.h" />
		<Unit filename="include_lib/net/kcp/ikcp.h" />
		<Unit filename="include_lib/net/libcoap/address.h" />
		<Unit filename="include_lib/net/libcoap/async.h" />
		<Unit filename="include_lib/net/libcoap/bits.h" />
		<Unit filename="include_lib/net/libcoap/block.h" />
		<Unit filename="include_lib/net/libcoap/coap.h" />
		<Unit filename="include_lib/net/libcoap/coap_config.h" />
		<Unit filename="include_lib/net/libcoap/coap_debug.h" />
		<Unit filename="include_lib/net/libcoap/coap_list.h" />
		<Unit filename="include_lib/net/libcoap/coap_net.h" />
		<Unit filename="include_lib/net/libcoap/coap_time.h" />
		<Unit filename="include_lib/net/libcoap/encode.h" />
		<Unit filename="include_lib/net/libcoap/hashkey.h" />
		<Unit filename="include_lib/net/libcoap/option.h" />
		<Unit filename="include_lib/net/libcoap/pdu.h" />
		<Unit filename="include_lib/net/libcoap/prng.h" />
		<Unit filename="include_lib/net/libcoap/resource.h" />
		<Unit filename="include_lib/net/libcoap/soap_mem.h" />
		<Unit filename="include_lib/net/libcoap/str.h" />
		<Unit filename="include_lib/net/libcoap/subscribe.h" />
		<Unit filename="include_lib/net/libcoap/t_list.h" />
		<Unit filename="include_lib/net/libcoap/uri.h" />
		<Unit filename="include_lib/net/libcoap/uthash.h" />
		<Unit filename="include_lib/net/libcoap/utlist.h" />
		<Unit filename="include_lib/net/log/elog.h" />
		<Unit filename="include_lib/net/log/elog_cfg.h" />
		<Unit filename="include_lib/net/lwip/app/cdp/cdp.h" />
		<Unit filename="include_lib/net/lwip/app/ctp/ctp.h" />
		<Unit filename="include_lib/net/lwip/app/ddns/DDNS.h" />
		<Unit filename="include_lib/net/lwip/app/dhcp_srv/dhcp_srv.h" />
		<Unit filename="include_lib/net/lwip/app/dtp/dtp.h" />
		<Unit filename="include_lib/net/lwip/app/mssdp/mssdp.h" />
		<Unit filename="include_lib/net/lwip/app/ntp/ntp.h" />
		<Unit filename="include_lib/net/lwip/app/sock_api/sock_api.h" />
		<Unit filename="include_lib/net/lwip/app/udtp/udtp.h" />
		<Unit filename="include_lib/net/lwip/port/arch/cc.h" />
		<Unit filename="include_lib/net/lwip/port/arch/cpu.h" />
		<Unit filename="include_lib/net/lwip/port/arch/perf.h" />
		<Unit filename="include_lib/net/lwip/port/arch/sys_arch.h" />
		<Unit filename="include_lib/net/lwip/port/lwip.h" />
		<Unit filename="include_lib/net/lwip/port/lwipopts.h" />
		<Unit filename="include_lib/net/lwip/src/include/lwip/_errno.h" />
		<Unit filename="include_lib/net/lwip/src/include/lwip/api.h" />
		<Unit filename="include_lib/net/lwip/src/include/lwip/arch.h" />
		<Unit filename="include_lib/net/lwip/src/include/lwip/autoip.h" />
		<Unit filename="include_lib/net/lwip/src/include/lwip/debug.h" />
		<Unit filename="include_lib/net/lwip/src/include/lwip/def.h" />
		<Unit filename="include_lib/net/lwip/src/include/lwip/dhcp.h" />
		<Unit filename="include_lib/net/lwip/src/include/lwip/dhcp6.h" />
		<Unit filename="include_lib/net/lwip/src/include/lwip/dns.h" />
		<Unit filename="include_lib/net/lwip/src/include/lwip/err.h" />
		<Unit filename="include_lib/net/lwip/src/include/lwip/etharp.h" />
		<Unit filename="include_lib/net/lwip/src/include/lwip/ethip6.h" />
		<Unit filename="include_lib/net/lwip/src/include/lwip/icmp.h" />
		<Unit filename="include_lib/net/lwip/src/include/lwip/icmp6.h" />
		<Unit filename="include_lib/net/lwip/src/include/lwip/igmp.h" />
		<Unit filename="include_lib/net/lwip/src/include/lwip/inet.h" />
		<Unit filename="include_lib/net/lwip/src/include/lwip/inet_chksum.h" />
		<Unit filename="include_lib/net/lwip/src/include/lwip/init.h" />
		<Unit filename="include_lib/net/lwip/src/include/lwip/ip.h" />
		<Unit filename="include_lib/net/lwip/src/include/lwip/ip4.h" />
		<Unit filename="include_lib/net/lwip/src/include/lwip/ip4_addr.h" />
		<Unit filename="include_lib/net/lwip/src/include/lwip/ip4_frag.h" />
		<Unit filename="include_lib/net/lwip/src/include/lwip/ip6.h" />
		<Unit filename="include_lib/net/lwip/src/include/lwip/ip6_addr.h" />
		<Unit filename="include_lib/net/lwip/src/include/lwip/ip6_frag.h" />
		<Unit filename="include_lib/net/lwip/src/include/lwip/ip_addr.h" />
		<Unit filename="include_lib/net/lwip/src/include/lwip/mem.h" />
		<Unit filename="include_lib/net/lwip/src/include/lwip/memp.h" />
		<Unit filename="include_lib/net/lwip/src/include/lwip/mld6.h" />
		<Unit filename="include_lib/net/lwip/src/include/lwip/nd6.h" />
		<Unit filename="include_lib/net/lwip/src/include/lwip/netbuf.h" />
		<Unit filename="include_lib/net/lwip/src/include/lwip/netdb.h" />
		<Unit filename="include_lib/net/lwip/src/include/lwip/netif.h" />
		<Unit filename="include_lib/net/lwip/src/include/lwip/netifapi.h" />
		<Unit filename="include_lib/net/lwip/src/include/lwip/opt.h" />
		<Unit filename="include_lib/net/lwip/src/include/lwip/pbuf.h" />
		<Unit filename="include_lib/net/lwip/src/include/lwip/priv/api_msg.h" />
		<Unit filename="include_lib/net/lwip/src/include/lwip/priv/memp_priv.h" />
		<Unit filename="include_lib/net/lwip/src/include/lwip/priv/memp_std.h" />
		<Unit filename="include_lib/net/lwip/src/include/lwip/priv/nd6_priv.h" />
		<Unit filename="include_lib/net/lwip/src/include/lwip/priv/tcp_priv.h" />
		<Unit filename="include_lib/net/lwip/src/include/lwip/priv/tcpip_priv.h" />
		<Unit filename="include_lib/net/lwip/src/include/lwip/prot/autoip.h" />
		<Unit filename="include_lib/net/lwip/src/include/lwip/prot/dhcp.h" />
		<Unit filename="include_lib/net/lwip/src/include/lwip/prot/dns.h" />
		<Unit filename="include_lib/net/lwip/src/include/lwip/prot/etharp.h" />
		<Unit filename="include_lib/net/lwip/src/include/lwip/prot/ethernet.h" />
		<Unit filename="include_lib/net/lwip/src/include/lwip/prot/icmp.h" />
		<Unit filename="include_lib/net/lwip/src/include/lwip/prot/icmp6.h" />
		<Unit filename="include_lib/net/lwip/src/include/lwip/prot/igmp.h" />
		<Unit filename="include_lib/net/lwip/src/include/lwip/prot/ip.h" />
		<Unit filename="include_lib/net/lwip/src/include/lwip/prot/ip4.h" />
		<Unit filename="include_lib/net/lwip/src/include/lwip/prot/ip6.h" />
		<Unit filename="include_lib/net/lwip/src/include/lwip/prot/mld6.h" />
		<Unit filename="include_lib/net/lwip/src/include/lwip/prot/nd6.h" />
		<Unit filename="include_lib/net/lwip/src/include/lwip/prot/tcp.h" />
		<Unit filename="include_lib/net/lwip/src/include/lwip/prot/udp.h" />
		<Unit filename="include_lib/net/lwip/src/include/lwip/raw.h" />
		<Unit filename="include_lib/net/lwip/src/include/lwip/sio.h" />
		<Unit filename="include_lib/net/lwip/src/include/lwip/snmp.h" />
		<Unit filename="include_lib/net/lwip/src/include/lwip/sockets.h" />
		<Unit filename="include_lib/net/lwip/src/include/lwip/stats.h" />
		<Unit filename="include_lib/net/lwip/src/include/lwip/sys.h" />
		<Unit filename="include_lib/net/lwip/src/include/lwip/tcp.h" />
		<Unit filename="include_lib/net/lwip/src/include/lwip/tcpip.h" />
		<Unit filename="include_lib/net/lwip/src/include/lwip/timeouts.h" />
		<Unit filename="include_lib/net/lwip/src/include/lwip/udp.h" />
		<Unit filename="include_lib/net/lwip/src/include/netif/etharp.h" />
		<Unit filename="include_lib/net/lwip/src/include/netif/ethernet.h" />
		<Unit filename="include_lib/net/lwip/src/include/netif/lowpan6.h" />
		<Unit filename="include_lib/net/lwip/src/include/netif/lowpan6_opts.h" />
		<Unit filename="include_lib/net/lwip/src/include/netif/ppp/ccp.h" />
		<Unit filename="include_lib/net/lwip/src/include/netif/ppp/chap-md5.h" />
		<Unit filename="include_lib/net/lwip/src/include/netif/ppp/chap-new.h" />
		<Unit filename="include_lib/net/lwip/src/include/netif/ppp/chap_ms.h" />
		<Unit filename="include_lib/net/lwip/src/include/netif/ppp/eap.h" />
		<Unit filename="include_lib/net/lwip/src/include/netif/ppp/ecp.h" />
		<Unit filename="include_lib/net/lwip/src/include/netif/ppp/eui64.h" />
		<Unit filename="include_lib/net/lwip/src/include/netif/ppp/fsm.h" />
		<Unit filename="include_lib/net/lwip/src/include/netif/ppp/ipcp.h" />
		<Unit filename="include_lib/net/lwip/src/include/netif/ppp/ipv6cp.h" />
		<Unit filename="include_lib/net/lwip/src/include/netif/ppp/lcp.h" />
		<Unit filename="include_lib/net/lwip/src/include/netif/ppp/magic.h" />
		<Unit filename="include_lib/net/lwip/src/include/netif/ppp/mppe.h" />
		<Unit filename="include_lib/net/lwip/src/include/netif/ppp/polarssl/arc4.h" />
		<Unit filename="include_lib/net/lwip/src/include/netif/ppp/polarssl/des.h" />
		<Unit filename="include_lib/net/lwip/src/include/netif/ppp/polarssl/md4.h" />
		<Unit filename="include_lib/net/lwip/src/include/netif/ppp/polarssl/md5.h" />
		<Unit filename="include_lib/net/lwip/src/include/netif/ppp/polarssl/sha1.h" />
		<Unit filename="include_lib/net/lwip/src/include/netif/ppp/ppp.h" />
		<Unit filename="include_lib/net/lwip/src/include/netif/ppp/ppp_impl.h" />
		<Unit filename="include_lib/net/lwip/src/include/netif/ppp/ppp_opts.h" />
		<Unit filename="include_lib/net/lwip/src/include/netif/ppp/pppapi.h" />
		<Unit filename="include_lib/net/lwip/src/include/netif/ppp/pppcrypt.h" />
		<Unit filename="include_lib/net/lwip/src/include/netif/ppp/pppdebug.h" />
		<Unit filename="include_lib/net/lwip/src/include/netif/ppp/pppoe.h" />
		<Unit filename="include_lib/net/lwip/src/include/netif/ppp/pppol2tp.h" />
		<Unit filename="include_lib/net/lwip/src/include/netif/ppp/pppos.h" />
		<Unit filename="include_lib/net/lwip/src/include/netif/ppp/upap.h" />
		<Unit filename="include_lib/net/lwip/src/include/netif/ppp/vj.h" />
		<Unit filename="include_lib/net/lwip/src/include/netif/slipif.h" />
		<Unit filename="include_lib/net/lwip/src/include/posix/errno.h" />
		<Unit filename="include_lib/net/lwip/src/include/posix/netdb.h" />
		<Unit filename="include_lib/net/lwip/src/include/posix/sys/socket.h" />
		<Unit filename="include_lib/net/mbedtls/aes.h" />
		<Unit filename="include_lib/net/mbedtls/aesni.h" />
		<Unit filename="include_lib/net/mbedtls/arc4.h" />
		<Unit filename="include_lib/net/mbedtls/asn1.h" />
		<Unit filename="include_lib/net/mbedtls/asn1write.h" />
		<Unit filename="include_lib/net/mbedtls/base64.h" />
		<Unit filename="include_lib/net/mbedtls/bignum.h" />
		<Unit filename="include_lib/net/mbedtls/blowfish.h" />
		<Unit filename="include_lib/net/mbedtls/bn_mul.h" />
		<Unit filename="include_lib/net/mbedtls/camellia.h" />
		<Unit filename="include_lib/net/mbedtls/ccm.h" />
		<Unit filename="include_lib/net/mbedtls/certs.h" />
		<Unit filename="include_lib/net/mbedtls/check_config.h" />
		<Unit filename="include_lib/net/mbedtls/cipher.h" />
		<Unit filename="include_lib/net/mbedtls/cipher_internal.h" />
		<Unit filename="include_lib/net/mbedtls/compat-1.3.h" />
		<Unit filename="include_lib/net/mbedtls/configs/config-ccm-psk-tls1_2.h" />
		<Unit filename="include_lib/net/mbedtls/configs/config-default.h" />
		<Unit filename="include_lib/net/mbedtls/configs/config-mini-tls1_1.h" />
		<Unit filename="include_lib/net/mbedtls/configs/config-picocoin.h" />
		<Unit filename="include_lib/net/mbedtls/configs/config-suite-b.h" />
		<Unit filename="include_lib/net/mbedtls/ctr_drbg.h" />
		<Unit filename="include_lib/net/mbedtls/debug.h" />
		<Unit filename="include_lib/net/mbedtls/des.h" />
		<Unit filename="include_lib/net/mbedtls/dhm.h" />
		<Unit filename="include_lib/net/mbedtls/ecdh.h" />
		<Unit filename="include_lib/net/mbedtls/ecdsa.h" />
		<Unit filename="include_lib/net/mbedtls/ecjpake.h" />
		<Unit filename="include_lib/net/mbedtls/ecp.h" />
		<Unit filename="include_lib/net/mbedtls/entropy.h" />
		<Unit filename="include_lib/net/mbedtls/entropy_poll.h" />
		<Unit filename="include_lib/net/mbedtls/error.h" />
		<Unit filename="include_lib/net/mbedtls/gcm.h" />
		<Unit filename="include_lib/net/mbedtls/havege.h" />
		<Unit filename="include_lib/net/mbedtls/hmac_drbg.h" />
		<Unit filename="include_lib/net/mbedtls/mbedtls_config.h" />
		<Unit filename="include_lib/net/mbedtls/md.h" />
		<Unit filename="include_lib/net/mbedtls/md2.h" />
		<Unit filename="include_lib/net/mbedtls/md4.h" />
		<Unit filename="include_lib/net/mbedtls/md5.h" />
		<Unit filename="include_lib/net/mbedtls/md_internal.h" />
		<Unit filename="include_lib/net/mbedtls/memory_buffer_alloc.h" />
		<Unit filename="include_lib/net/mbedtls/net.h" />
		<Unit filename="include_lib/net/mbedtls/oid.h" />
		<Unit filename="include_lib/net/mbedtls/padlock.h" />
		<Unit filename="include_lib/net/mbedtls/pem.h" />
		<Unit filename="include_lib/net/mbedtls/pk.h" />
		<Unit filename="include_lib/net/mbedtls/pk_internal.h" />
		<Unit filename="include_lib/net/mbedtls/pkcs11.h" />
		<Unit filename="include_lib/net/mbedtls/pkcs12.h" />
		<Unit filename="include_lib/net/mbedtls/pkcs5.h" />
		<Unit filename="include_lib/net/mbedtls/platform.h" />
		<Unit filename="include_lib/net/mbedtls/ripemd160.h" />
		<Unit filename="include_lib/net/mbedtls/rsa.h" />
		<Unit filename="include_lib/net/mbedtls/sha1.h" />
		<Unit filename="include_lib/net/mbedtls/sha256.h" />
		<Unit filename="include_lib/net/mbedtls/sha512.h" />
		<Unit filename="include_lib/net/mbedtls/ssl.h" />
		<Unit filename="include_lib/net/mbedtls/ssl_cache.h" />
		<Unit filename="include_lib/net/mbedtls/ssl_ciphersuites.h" />
		<Unit filename="include_lib/net/mbedtls/ssl_cookie.h" />
		<Unit filename="include_lib/net/mbedtls/ssl_internal.h" />
		<Unit filename="include_lib/net/mbedtls/ssl_ticket.h" />
		<Unit filename="include_lib/net/mbedtls/threading.h" />
		<Unit filename="include_lib/net/mbedtls/timing.h" />
		<Unit filename="include_lib/net/mbedtls/version.h" />
		<Unit filename="include_lib/net/mbedtls/x509.h" />
		<Unit filename="include_lib/net/mbedtls/x509_crl.h" />
		<Unit filename="include_lib/net/mbedtls/x509_crt.h" />
		<Unit filename="include_lib/net/mbedtls/x509_csr.h" />
		<Unit filename="include_lib/net/mbedtls/xtea.h" />
		<Unit filename="include_lib/net/mqtt/MQTTClient.h" />
		<Unit filename="include_lib/net/mqtt/MQTTConnect.h" />
		<Unit filename="include_lib/net/mqtt/MQTTFormat.h" />
		<Unit filename="include_lib/net/mqtt/MQTTLinux.h" />
		<Unit filename="include_lib/net/mqtt/MQTTPacket.h" />
		<Unit filename="include_lib/net/mqtt/MQTTPublish.h" />
		<Unit filename="include_lib/net/mqtt/MQTTSubscribe.h" />
		<Unit filename="include_lib/net/mqtt/MQTTUnsubscribe.h" />
		<Unit filename="include_lib/net/mqtt/StackTrace.h" />
		<Unit filename="include_lib/net/mqtt/transport.h" />
		<Unit filename="include_lib/net/network_download/net_audio_buf.h" />
		<Unit filename="include_lib/net/network_download/net_download.h" />
		<Unit filename="include_lib/net/rtp/rtp_common.h" />
		<Unit filename="include_lib/net/rtp/rtp_h264.h" />
		<Unit filename="include_lib/net/server/ai_server.h" />
		<Unit filename="include_lib/net/server/ctp_server.h" />
		<Unit filename="include_lib/net/server/net2video.h" />
		<Unit filename="include_lib/net/server/net_server.h" />
		<Unit filename="include_lib/net/server/network_mssdp.h" />
		<Unit filename="include_lib/net/server/packet.h" />
		<Unit filename="include_lib/net/server/rt_stream_pkg.h" />
		<Unit filename="include_lib/net/server/simple_mov_unpkg.h" />
		<Unit filename="include_lib/net/server/video_rt_tcp.h" />
		<Unit filename="include_lib/net/server/video_rt_udp.h" />
		<Unit filename="include_lib/net/server/wifi_connect.h" />
		<Unit filename="include_lib/net/streaming_media_server/abnormal_off.h" />
		<Unit filename="include_lib/net/streaming_media_server/fenice/264_stream_iface.h" />
		<Unit filename="include_lib/net/streaming_media_server/fenice/JPEG_utils.h" />
		<Unit filename="include_lib/net/streaming_media_server/fenice/SD_file.h" />
		<Unit filename="include_lib/net/streaming_media_server/fenice/bufferpool.h" />
		<Unit filename="include_lib/net/streaming_media_server/fenice/command_environment.h" />
		<Unit filename="include_lib/net/streaming_media_server/fenice/debug.h" />
		<Unit filename="include_lib/net/streaming_media_server/fenice/eventloop.h" />
		<Unit filename="include_lib/net/streaming_media_server/fenice/fnc_log.h" />
		<Unit filename="include_lib/net/streaming_media_server/fenice/fs_priv.h" />
		<Unit filename="include_lib/net/streaming_media_server/fenice/gsm.h" />
		<Unit filename="include_lib/net/streaming_media_server/fenice/h264.h" />
		<Unit filename="include_lib/net/streaming_media_server/fenice/intnet.h" />
		<Unit filename="include_lib/net/streaming_media_server/fenice/jpeg.h" />
		<Unit filename="include_lib/net/streaming_media_server/fenice/md5.h" />
		<Unit filename="include_lib/net/streaming_media_server/fenice/md5global.h" />
		<Unit filename="include_lib/net/streaming_media_server/fenice/mediainfo.h" />
		<Unit filename="include_lib/net/streaming_media_server/fenice/mp3.h" />
		<Unit filename="include_lib/net/streaming_media_server/fenice/mpeg.h" />
		<Unit filename="include_lib/net/streaming_media_server/fenice/mpeg4es.h" />
		<Unit filename="include_lib/net/streaming_media_server/fenice/mpeg_system.h" />
		<Unit filename="include_lib/net/streaming_media_server/fenice/mpeg_ts.h" />
		<Unit filename="include_lib/net/streaming_media_server/fenice/multicast.h" />
		<Unit filename="include_lib/net/streaming_media_server/fenice/os_priv.h" />
		<Unit filename="include_lib/net/streaming_media_server/fenice/pcm.h" />
		<Unit filename="include_lib/net/streaming_media_server/fenice/prefs.h" />
		<Unit filename="include_lib/net/streaming_media_server/fenice/rtcp.h" />
		<Unit filename="include_lib/net/streaming_media_server/fenice/rtp.h" />
		<Unit filename="include_lib/net/streaming_media_server/fenice/rtp_shm.h" />
		<Unit filename="include_lib/net/streaming_media_server/fenice/rtpptdefs.h" />
		<Unit filename="include_lib/net/streaming_media_server/fenice/rtsp.h" />
		<Unit filename="include_lib/net/streaming_media_server/fenice/schedule.h" />
		<Unit filename="include_lib/net/streaming_media_server/fenice/sdp.h" />
		<Unit filename="include_lib/net/streaming_media_server/fenice/socket.h" />
		<Unit filename="include_lib/net/streaming_media_server/fenice/types.h" />
		<Unit filename="include_lib/net/streaming_media_server/fenice/utils.h" />
		<Unit filename="include_lib/net/streaming_media_server/fenice/xmllexer.h" />
		<Unit filename="include_lib/net/streaming_media_server/fenice/xmlparser.h" />
		<Unit filename="include_lib/net/streaming_media_server/fenice_config.h" />
		<Unit filename="include_lib/net/streaming_media_server/header.h" />
		<Unit filename="include_lib/net/streaming_media_server/stream_pkg.h" />
		<Unit filename="include_lib/net/tinydtls/aes/rijndael.h" />
		<Unit filename="include_lib/net/tinydtls/alert.h" />
		<Unit filename="include_lib/net/tinydtls/ccm.h" />
		<Unit filename="include_lib/net/tinydtls/crypto.h" />
		<Unit filename="include_lib/net/tinydtls/dtls.h" />
		<Unit filename="include_lib/net/tinydtls/dtls_config.h" />
		<Unit filename="include_lib/net/tinydtls/dtls_debug.h" />
		<Unit filename="include_lib/net/tinydtls/dtls_time.h" />
		<Unit filename="include_lib/net/tinydtls/ecc/ecc.h" />
		<Unit filename="include_lib/net/tinydtls/ecc/test_helper.h" />
		<Unit filename="include_lib/net/tinydtls/global.h" />
		<Unit filename="include_lib/net/tinydtls/hmac.h" />
		<Unit filename="include_lib/net/tinydtls/netq.h" />
		<Unit filename="include_lib/net/tinydtls/numeric.h" />
		<Unit filename="include_lib/net/tinydtls/peer.h" />
		<Unit filename="include_lib/net/tinydtls/platform-specific/config-cc2538dk.h" />
		<Unit filename="include_lib/net/tinydtls/platform-specific/config-econotag.h" />
		<Unit filename="include_lib/net/tinydtls/platform-specific/config-minimal-net.h" />
		<Unit filename="include_lib/net/tinydtls/platform-specific/config-sky.h" />
		<Unit filename="include_lib/net/tinydtls/platform-specific/config-wismote.h" />
		<Unit filename="include_lib/net/tinydtls/platform-specific/platform.h" />
		<Unit filename="include_lib/net/tinydtls/prng.h" />
		<Unit filename="include_lib/net/tinydtls/session.h" />
		<Unit filename="include_lib/net/tinydtls/sha2/sha2.h" />
		<Unit filename="include_lib/net/tinydtls/state.h" />
		<Unit filename="include_lib/net/tinydtls/t_list.h" />
		<Unit filename="include_lib/net/tinydtls/tinydtls.h" />
		<Unit filename="include_lib/net/tinydtls/uthash.h" />
		<Unit filename="include_lib/net/tinydtls/utlist.h" />
		<Unit filename="include_lib/net/turing/turing.h" />
		<Unit filename="include_lib/net/web_socket/websocket_api.h" />
		<Unit filename="include_lib/net/web_socket/websocket_base64.h" />
		<Unit filename="include_lib/net/web_socket/websocket_define.h" />
		<Unit filename="include_lib/net/web_socket/websocket_intlib.h" />
		<Unit filename="include_lib/net/web_socket/websocket_sha_1.h" />
		<Unit filename="include_lib/net/web_socket/websocket_ssl.h" />
		<Unit filename="include_lib/net/wechat/dev_net_mqtt.h" />
		<Unit filename="include_lib/net/wechat/dev_net_oauth.h" />
		<Unit filename="include_lib/net/wechat/ota_update.h" />
		<Unit filename="include_lib/net/wechat/wechat_core.h" />
		<Unit filename="include_lib/net/wechat/wechat_server.h" />
		<Unit filename="include_lib/net/wifi_module/wifi_ext.h" />
		<Unit filename="include_lib/net/wifi_module/wifi_module_event.h" />
		<Unit filename="include_lib/net/zliblite/crc32.h" />
		<Unit filename="include_lib/net/zliblite/deflate.h" />
		<Unit filename="include_lib/net/zliblite/inffast.h" />
		<Unit filename="include_lib/net/zliblite/inffixed.h" />
		<Unit filename="include_lib/net/zliblite/inflate.h" />
		<Unit filename="include_lib/net/zliblite/inftrees.h" />
		<Unit filename="include_lib/net/zliblite/trees.h" />
		<Unit filename="include_lib/net/zliblite/zconf.h" />
		<Unit filename="include_lib/net/zliblite/zlib.h" />
		<Unit filename="include_lib/net/zliblite/zutil.h" />
		<Unit filename="include_lib/server/audio_server.h" />
		<Unit filename="include_lib/server/jl_camera_protocol.h" />
		<Unit filename="include_lib/server/led_ui_server.h" />
		<Unit filename="include_lib/server/server_core.h" />
		<Unit filename="include_lib/server/ui_server.h" />
		<Unit filename="include_lib/server/upgrade_server.h" />
		<Unit filename="include_lib/server/usb_server.h" />
		<Unit filename="include_lib/server/uvm.h" />
		<Unit filename="include_lib/server/video_dec_server.h" />
		<Unit filename="include_lib/server/video_engine_server.h" />
		<Unit filename="include_lib/server/video_server.h" />
		<Unit filename="include_lib/server/vpkg_server.h" />
		<Unit filename="include_lib/server/vunpkg_server.h" />
		<Unit filename="include_lib/system/app_core.h" />
		<Unit filename="include_lib/system/cpu/AC521x/asm/AC521x.h" />
		<Unit filename="include_lib/system/cpu/AC521x/asm/adc.h" />
		<Unit filename="include_lib/system/cpu/AC521x/asm/adkey.h" />
		<Unit filename="include_lib/system/cpu/AC521x/asm/audio.h" />
		<Unit filename="include_lib/system/cpu/AC521x/asm/avc_enc.h" />
		<Unit filename="include_lib/system/cpu/AC521x/asm/avo_cfg.h" />
		<Unit filename="include_lib/system/cpu/AC521x/asm/bus_device.h" />
		<Unit filename="include_lib/system/cpu/AC521x/asm/cache.h" />
		<Unit filename="include_lib/system/cpu/AC521x/asm/clock.h" />
		<Unit filename="include_lib/system/cpu/AC521x/asm/cpu.h" />
		<Unit filename="include_lib/system/cpu/AC521x/asm/cpu_api.h" />
		<Unit filename="include_lib/system/cpu/AC521x/asm/crc16.h" />
		<Unit filename="include_lib/system/cpu/AC521x/asm/dac.h" />
		<Unit filename="include_lib/system/cpu/AC521x/asm/debug.h" />
		<Unit filename="include_lib/system/cpu/AC521x/asm/device_drive.h" />
		<Unit filename="include_lib/system/cpu/AC521x/asm/devices.h" />
		<Unit filename="include_lib/system/cpu/AC521x/asm/dma.h" />
		<Unit filename="include_lib/system/cpu/AC521x/asm/drv_manage.h" />
		<Unit filename="include_lib/system/cpu/AC521x/asm/dsi.h" />
		<Unit filename="include_lib/system/cpu/AC521x/asm/gpio.h" />
		<Unit filename="include_lib/system/cpu/AC521x/asm/hwi.h" />
		<Unit filename="include_lib/system/cpu/AC521x/asm/iic.h" />
		<Unit filename="include_lib/system/cpu/AC521x/asm/image_enc.h" />
		<Unit filename="include_lib/system/cpu/AC521x/asm/imb.h" />
		<Unit filename="include_lib/system/cpu/AC521x/asm/imb_driver.h" />
		<Unit filename="include_lib/system/cpu/AC521x/asm/imc.h" />
		<Unit filename="include_lib/system/cpu/AC521x/asm/imc_driver.h" />
		<Unit filename="include_lib/system/cpu/AC521x/asm/imd.h" />
		<Unit filename="include_lib/system/cpu/AC521x/asm/imr.h" />
		<Unit filename="include_lib/system/cpu/AC521x/asm/includes.h" />
		<Unit filename="include_lib/system/cpu/AC521x/asm/irq.h" />
		<Unit filename="include_lib/system/cpu/AC521x/asm/isp_alg.h" />
		<Unit filename="include_lib/system/cpu/AC521x/asm/isp_customize.h" />
		<Unit filename="include_lib/system/cpu/AC521x/asm/isp_dev.h" />
		<Unit filename="include_lib/system/cpu/AC521x/asm/jive.h" />
		<Unit filename="include_lib/system/cpu/AC521x/asm/jlmd.h" />
		<Unit filename="include_lib/system/cpu/AC521x/asm/jpeg_abr.h" />
		<Unit filename="include_lib/system/cpu/AC521x/asm/jpeg_codec.h" />
		<Unit filename="include_lib/system/cpu/AC521x/asm/jpeg_decoder.h" />
		<Unit filename="include_lib/system/cpu/AC521x/asm/jpeg_encoder.h" />
		<Unit filename="include_lib/system/cpu/AC521x/asm/jpeg_haffman.h" />
		<Unit filename="include_lib/system/cpu/AC521x/asm/jpeg_header.h" />
		<Unit filename="include_lib/system/cpu/AC521x/asm/jpeg_qt_huffman.h" />
		<Unit filename="include_lib/system/cpu/AC521x/asm/ladc.h" />
		<Unit filename="include_lib/system/cpu/AC521x/asm/lcd_config.h" />
		<Unit filename="include_lib/system/cpu/AC521x/asm/ldo.h" />
		<Unit filename="include_lib/system/cpu/AC521x/asm/lock.h" />
		<Unit filename="include_lib/system/cpu/AC521x/asm/pap.h" />
		<Unit filename="include_lib/system/cpu/AC521x/asm/port_waked_up.h" />
		<Unit filename="include_lib/system/cpu/AC521x/asm/power_inf.h" />
		<Unit filename="include_lib/system/cpu/AC521x/asm/pwm.h" />
		<Unit filename="include_lib/system/cpu/AC521x/asm/rtc.h" />
		<Unit filename="include_lib/system/cpu/AC521x/asm/screen_tool.h" />
		<Unit filename="include_lib/system/cpu/AC521x/asm/sd_ddr_file.h" />
		<Unit filename="include_lib/system/cpu/AC521x/asm/sdmmc.h" />
		<Unit filename="include_lib/system/cpu/AC521x/asm/spi.h" />
		<Unit filename="include_lib/system/cpu/AC521x/asm/spiflash.h" />
		<Unit filename="include_lib/system/cpu/AC521x/asm/startup.h" />
		<Unit filename="include_lib/system/cpu/AC521x/asm/sync_buf.h" />
		<Unit filename="include_lib/system/cpu/AC521x/asm/sysinfo.h" />
		<Unit filename="include_lib/system/cpu/AC521x/asm/timer.h" />
		<Unit filename="include_lib/system/cpu/AC521x/asm/uart.h" />
		<Unit filename="include_lib/system/cpu/AC521x/asm/usb_inc.h" />
		<Unit filename="include_lib/system/cpu/AC521x/asm/uvc_device.h" />
		<Unit filename="include_lib/system/cpu/AC521x/asm/video_engine.h" />
		<Unit filename="include_lib/system/cpu/AC521x/asm/video_fb.h" />
		<Unit filename="include_lib/system/database.h" />
		<Unit filename="include_lib/system/device/adkey.h" />
		<Unit filename="include_lib/system/device/audio_dev.h" />
		<Unit filename="include_lib/system/device/av10_spi.h" />
		<Unit filename="include_lib/system/device/camera.h" />
		<Unit filename="include_lib/system/device/card.h" />
		<Unit filename="include_lib/system/device/device.h" />
		<Unit filename="include_lib/system/device/iic.h" />
		<Unit filename="include_lib/system/device/includes.h" />
		<Unit filename="include_lib/system/device/ioctl_cmds.h" />
		<Unit filename="include_lib/system/device/iokey.h" />
		<Unit filename="include_lib/system/device/isp.h" />
		<Unit filename="include_lib/system/device/jl_camera.h" />
		<Unit filename="include_lib/system/device/key_driver.h" />
		<Unit filename="include_lib/system/device/lcd_driver.h" />
		<Unit filename="include_lib/system/device/mmc.h" />
		<Unit filename="include_lib/system/device/sd.h" />
		<Unit filename="include_lib/system/device/sdio.h" />
		<Unit filename="include_lib/system/device/sdio_err.h" />
		<Unit filename="include_lib/system/device/sdio_func.h" />
		<Unit filename="include_lib/system/device/sdio_host.h" />
		<Unit filename="include_lib/system/device/sdio_host_init.h" />
		<Unit filename="include_lib/system/device/sdmmc.h" />
		<Unit filename="include_lib/system/device/spiflash.h" />
		<Unit filename="include_lib/system/device/timer.h" />
		<Unit filename="include_lib/system/device/uart.h" />
		<Unit filename="include_lib/system/device/usb.h" />
		<Unit filename="include_lib/system/device/usb_cam_dev.h" />
		<Unit filename="include_lib/system/device/video.h" />
		<Unit filename="include_lib/system/device/video/fb.h" />
		<Unit filename="include_lib/system/device/video/video_ioctl.h" />
		<Unit filename="include_lib/system/device/videobuf.h" />
		<Unit filename="include_lib/system/device/vm.h" />
		<Unit filename="include_lib/system/device/vm_api.h" />
		<Unit filename="include_lib/system/event.h" />
		<Unit filename="include_lib/system/fs/fs.h" />
		<Unit filename="include_lib/system/generic/ascii.h" />
		<Unit filename="include_lib/system/generic/atomic.h" />
		<Unit filename="include_lib/system/generic/circular_buf.h" />
		<Unit filename="include_lib/system/generic/cpu.h" />
		<Unit filename="include_lib/system/generic/errno-base.h" />
		<Unit filename="include_lib/system/generic/gpio.h" />
		<Unit filename="include_lib/system/generic/includes.h" />
		<Unit filename="include_lib/system/generic/index.h" />
		<Unit filename="include_lib/system/generic/io.h" />
		<Unit filename="include_lib/system/generic/ioctl.h" />
		<Unit filename="include_lib/system/generic/irq.h" />
		<Unit filename="include_lib/system/generic/jiffies.h" />
		<Unit filename="include_lib/system/generic/lbuf.h" />
		<Unit filename="include_lib/system/generic/list.h" />
		<Unit filename="include_lib/system/generic/log.h" />
		<Unit filename="include_lib/system/generic/printf.h" />
		<Unit filename="include_lib/system/generic/rect.h" />
		<Unit filename="include_lib/system/generic/typedef.h" />
		<Unit filename="include_lib/system/generic/version.h" />
		<Unit filename="include_lib/system/includes.h" />
		<Unit filename="include_lib/system/init.h" />
		<Unit filename="include_lib/system/malloc.h" />
		<Unit filename="include_lib/system/mem_leak_test.h" />
		<Unit filename="include_lib/system/os/FreeRTOS/FreeRTOS.h" />
		<Unit filename="include_lib/system/os/FreeRTOS/FreeRTOSConfig.h" />
		<Unit filename="include_lib/system/os/FreeRTOS/StackMacros.h" />
		<Unit filename="include_lib/system/os/FreeRTOS/croutine.h" />
		<Unit filename="include_lib/system/os/FreeRTOS/deprecated_definitions.h" />
		<Unit filename="include_lib/system/os/FreeRTOS/event_groups.h" />
		<Unit filename="include_lib/system/os/FreeRTOS/list.h" />
		<Unit filename="include_lib/system/os/FreeRTOS/mpu_prototypes.h" />
		<Unit filename="include_lib/system/os/FreeRTOS/mpu_wrappers.h" />
		<Unit filename="include_lib/system/os/FreeRTOS/pi32v2/portmacro.h" />
		<Unit filename="include_lib/system/os/FreeRTOS/portable.h" />
		<Unit filename="include_lib/system/os/FreeRTOS/projdefs.h" />
		<Unit filename="include_lib/system/os/FreeRTOS/queue.h" />
		<Unit filename="include_lib/system/os/FreeRTOS/semphr.h" />
		<Unit filename="include_lib/system/os/FreeRTOS/task.h" />
		<Unit filename="include_lib/system/os/FreeRTOS/timers.h" />
		<Unit filename="include_lib/system/os/msg_pool.h" />
		<Unit filename="include_lib/system/os/os_api.h" />
		<Unit filename="include_lib/system/os/os_cfg.h" />
		<Unit filename="include_lib/system/os/os_compat.h" />
		<Unit filename="include_lib/system/os/os_cpu.h" />
		<Unit filename="include_lib/system/os/os_error.h" />
		<Unit filename="include_lib/system/os/os_type.h" />
		<Unit filename="include_lib/system/power_manage.h" />
		<Unit filename="include_lib/system/spinlock.h" />
		<Unit filename="include_lib/system/sys_config.h" />
		<Unit filename="include_lib/system/sys_time.h" />
		<Unit filename="include_lib/system/syscfg.h" />
		<Unit filename="include_lib/system/tags.h" />
		<Unit filename="include_lib/system/task.h" />
		<Unit filename="include_lib/system/timeout.h" />
		<Unit filename="include_lib/system/timer.h" />
		<Unit filename="include_lib/system/wait.h" />
		<Unit filename="include_lib/ui/font/font_all.h" />
		<Unit filename="include_lib/ui/font/font_ascii.h" />
		<Unit filename="include_lib/ui/font/font_big5.h" />
		<Unit filename="include_lib/ui/font/font_gbk.h" />
		<Unit filename="include_lib/ui/font/font_ksc.h" />
		<Unit filename="include_lib/ui/font/font_other_language.h" />
		<Unit filename="include_lib/ui/font/font_sdfs.h" />
		<Unit filename="include_lib/ui/font/font_sjis.h" />
		<Unit filename="include_lib/ui/font/font_textout.h" />
		<Unit filename="include_lib/ui/font/language_list.h" />
		<Unit filename="include_lib/ui/includes.h" />
		<Unit filename="include_lib/ui/res/font_ascii.h" />
		<Unit filename="include_lib/ui/res/quicklz.h" />
		<Unit filename="include_lib/ui/res/resfile.h" />
		<Unit filename="include_lib/ui/ui/control.h" />
		<Unit filename="include_lib/ui/ui/img.h" />
		<Unit filename="include_lib/ui/ui/layer.h" />
		<Unit filename="include_lib/ui/ui/layout.h" />
		<Unit filename="include_lib/ui/ui/p.h" />
		<Unit filename="include_lib/ui/ui/play_control.h" />
		<Unit filename="include_lib/ui/ui/slider.h" />
		<Unit filename="include_lib/ui/ui/ui.h" />
		<Unit filename="include_lib/ui/ui/ui_animation.h" />
		<Unit filename="include_lib/ui/ui/ui_battery.h" />
		<Unit filename="include_lib/ui/ui/ui_browser.h" />
		<Unit filename="include_lib/ui/ui/ui_button.h" />
		<Unit filename="include_lib/ui/ui/ui_camera.h" />
		<Unit filename="include_lib/ui/ui/ui_core.h" />
		<Unit filename="include_lib/ui/ui/ui_file_attrs.h" />
		<Unit filename="include_lib/ui/ui/ui_grid.h" />
		<Unit filename="include_lib/ui/ui/ui_pic.h" />
		<Unit filename="include_lib/ui/ui/ui_player.h" />
		<Unit filename="include_lib/ui/ui/ui_slider.h" />
		<Unit filename="include_lib/ui/ui/ui_text.h" />
		<Unit filename="include_lib/ui/ui/ui_time.h" />
		<Unit filename="include_lib/ui/ui/ui_watch.h" />
		<Unit filename="include_lib/ui/ui/window.h" />
		<Unit filename="include_lib/upgrade/ecc_rs_api.h" />
		<Unit filename="include_lib/upgrade/upgrade_detect.h" />
		<Extensions>
			<code_completion />
			<envvars />
			<debugger>
				<remote_debugging>
					<options conn_type="0" serial_baud="115200" ip_address="127.0.0.1" ip_port="9999" />
				</remote_debugging>
				<remote_debugging target="Debug">
					<options conn_type="0" serial_baud="115200" ip_address="127.0.0.1" ip_port="1234" />
				</remote_debugging>
			</debugger>
		</Extensions>
	</Project>
</CodeBlocks_project_file>
